Microsoft Visual Studio Solution File, Format Version 12.00
# Visual Studio Version 17
VisualStudioVersion = 17.5.2.0
MinimumVisualStudioVersion = 10.0.40219.1
Project("{FAE04EC0-301F-11D3-BF4B-00C04F79EFBC}") = "cs-api-rental-car-mvc", "cs-api-rental-car-mvc.csproj", "{BB82E7CF-3685-D099-7291-1F3078C588B0}"
EndProject
Global
	GlobalSection(SolutionConfigurationPlatforms) = preSolution
		Debug|Any CPU = Debug|Any CPU
		Release|Any CPU = Release|Any CPU
	EndGlobalSection
	GlobalSection(ProjectConfigurationPlatforms) = postSolution
		{BB82E7CF-3685-D099-7291-1F3078C588B0}.Debug|Any CPU.ActiveCfg = Debug|Any CPU
		{BB82E7CF-3685-D099-7291-1F3078C588B0}.Debug|Any CPU.Build.0 = Debug|Any CPU
		{BB82E7CF-3685-D099-7291-1F3078C588B0}.Release|Any CPU.ActiveCfg = Release|Any CPU
		{BB82E7CF-3685-D099-7291-1F3078C588B0}.Release|Any CPU.Build.0 = Release|Any CPU
	EndGlobalSection
	GlobalSection(SolutionProperties) = preSolution
		HideSolutionNode = FALSE
	EndGlobalSection
	GlobalSection(ExtensibilityGlobals) = postSolution
		SolutionGuid = {6DB1C199-3C36-4619-AF6B-901DD5EC84E0}
	EndGlobalSection
EndGlobal
